
Microsoft Visual Studio Solution File, Format Version 12.00
# Visual Studio Version 16
VisualStudioVersion = 16.0.31729.503
MinimumVisualStudioVersion = 10.0.40219.1
Project("{FAE04EC0-301F-11D3-BF4B-00C04F79EFBC}") = "PruebaNetCore", "PruebaNetCore.csproj", "{55FD762C-3CD9-4831-9E79-F9FD1917794F}"
EndProject
Global
	GlobalSection(SolutionConfigurationPlatforms) = preSolution
		Debug|Any CPU = Debug|Any CPU
		Release|Any CPU = Release|Any CPU
	EndGlobalSection
	GlobalSection(ProjectConfigurationPlatforms) = postSolution
		{55FD762C-3CD9-4831-9E79-F9FD1917794F}.Debug|Any CPU.ActiveCfg = Debug|Any CPU
		{55FD762C-3CD9-4831-9E79-F9FD1917794F}.Debug|Any CPU.Build.0 = Debug|Any CPU
		{55FD762C-3CD9-4831-9E79-F9FD1917794F}.Release|Any CPU.ActiveCfg = Release|Any CPU
		{55FD762C-3CD9-4831-9E79-F9FD1917794F}.Release|Any CPU.Build.0 = Release|Any CPU
	EndGlobalSection
	GlobalSection(SolutionProperties) = preSolution
		HideSolutionNode = FALSE
	EndGlobalSection
	GlobalSection(ExtensibilityGlobals) = postSolution
		SolutionGuid = {6A6BDD6E-CA2C-4639-AAEA-3CD4F59510FD}
	EndGlobalSection
EndGlobal
